#
# Backend-specific diffusion runtime lockfile: ROCm 6.0
#
# Generated by pip-compile with Python 3.12 (placeholder — regenerate with
# scripts/refresh-diffusion-locks.sh before first use).
#
#    pip-compile --allow-unsafe --generate-hashes \
#        --extra-index-url https://download.pytorch.org/whl/rocm6.0 \
#        --output-file=diffusion-rocm.lock diffusion-in.txt
#
# This lockfile is consumed by the diffusion installer in offline mode:
#    pip install --no-index --require-hashes --find-links=<verified-cache> -r diffusion-rocm.lock
#

accelerate==1.13.0 \
    --hash=sha256:cf1a3efb96c18f7b152eb0fa7490f3710b19c3f395699358f08decca2b8b62e0 \
    --hash=sha256:d631b4e0f5b3de4aff2d7e9e6857d164810dfc3237d54d017f075122d057b236
    # via -r diffusion-in.txt
diffusers==0.28.0 \
    --hash=sha256:PLACEHOLDER_HASH_1 \
    --hash=sha256:PLACEHOLDER_HASH_2
    # via -r diffusion-in.txt
safetensors==0.4.3 \
    --hash=sha256:PLACEHOLDER_HASH_1 \
    --hash=sha256:PLACEHOLDER_HASH_2
    # via
    #   accelerate
    #   diffusers
    #   transformers
torch==2.3.1+rocm6.0 \
    --hash=sha256:PLACEHOLDER_HASH_1
    # via
    #   -r diffusion-in.txt
    #   accelerate
    #   diffusers
transformers==4.41.2 \
    --hash=sha256:PLACEHOLDER_HASH_1 \
    --hash=sha256:PLACEHOLDER_HASH_2
    # via -r diffusion-in.txt

# NOTE: This is a placeholder lockfile with representative entries.
# Run scripts/refresh-diffusion-locks.sh to generate the complete
# lockfile with all transitive dependencies and real SHA256 hashes.
