#
# Backend-specific diffusion runtime lockfile: CPU
#
# STATUS: UNPOPULATED — this file is structural scaffolding only.
# It cannot be used for installation until populated with real hashes.
#
# To generate:
#   scripts/refresh-diffusion-locks.sh --backend cpu
#
# This runs pip-compile with:
#   pip-compile --allow-unsafe --generate-hashes \
#       --extra-index-url https://download.pytorch.org/whl/cpu \
#       --output-file=diffusion-cpu.lock diffusion-in.txt
#
# Once generated, the lockfile is consumed by the installer in offline mode:
#   pip install --no-index --require-hashes --find-links=<verified-cache> -r diffusion-cpu.lock
#
