# External source manifest for SecAI OS image builds.
#
# Services implemented in this monorepo are bound by the checked-out Git commit
# and are intentionally not duplicated here. Only source that is absent from
# services/ belongs in this manifest. Source-prep downloads each archive, checks
# this SHA256, and passes the extracted tree to the network-restricted build.
#
# To update an entry, review the upstream commit and archive contents, replace
# both pinned_commit and archive_sha256, and record the reviewer and sync date.

schema_version: 1

upstreams:
  gguf-guard:
    upstream_url: https://github.com/SecAI-Hub/gguf-guard.git
    pinned_commit: 71cdf1f811ba9df8a4ba1e56e343aaabb5a4b65d
    archive_sha256: e0412557c129acc1f79a0d51cf25a4fafe65c2fbceb61a67ef0facba03d8c949
    local_path: upstreams/gguf-guard
    license: Apache-2.0
    sync_date: "2026-08-03T00:00:00Z"
    reviewer: secai-release-audit
  searxng:
    upstream_url: https://github.com/searxng/searxng.git
    pinned_commit: b060c780d0751a55e75ad22f0d930c8965789db8
    archive_sha256: 503fb3eb387a7a858d3fa438af54822fce1163803657e775a7dfe7abbf7c8aa6
    local_path: upstreams/searxng
    license: AGPL-3.0-or-later
    sync_date: "2026-07-27T00:00:00Z"
    reviewer: secai-release-audit
